
Microsoft Visual Studio Solution File, Format Version 12.00
# Visual Studio Version 17
VisualStudioVersion = 17.8.34525.116
MinimumVisualStudioVersion = 10.0.40219.1
Project("{FAE04EC0-301F-11D3-BF4B-00C04F79EFBC}") = "TalentStreamEFMvc", "TalentStreamEFMvc\TalentStreamEFMvc.csproj", "{B3A06E20-2527-4BFA-B930-E4BD41506712}"
EndProject
Global
	GlobalSection(SolutionConfigurationPlatforms) = preSolution
		Debug|Any CPU = Debug|Any CPU
		Release|Any CPU = Release|Any CPU
	EndGlobalSection
	GlobalSection(ProjectConfigurationPlatforms) = postSolution
		{B3A06E20-2527-4BFA-B930-E4BD41506712}.Debug|Any CPU.ActiveCfg = Debug|Any CPU
		{B3A06E20-2527-4BFA-B930-E4BD41506712}.Debug|Any CPU.Build.0 = Debug|Any CPU
		{B3A06E20-2527-4BFA-B930-E4BD41506712}.Release|Any CPU.ActiveCfg = Release|Any CPU
		{B3A06E20-2527-4BFA-B930-E4BD41506712}.Release|Any CPU.Build.0 = Release|Any CPU
	EndGlobalSection
	GlobalSection(SolutionProperties) = preSolution
		HideSolutionNode = FALSE
	EndGlobalSection
	GlobalSection(ExtensibilityGlobals) = postSolution
		SolutionGuid = {DBBF9E78-2585-4D19-892D-5331E8602C51}
	EndGlobalSection
EndGlobal
